
Microsoft Visual Studio Solution File, Format Version 12.00
# Visual Studio Version 17
VisualStudioVersion = 17.0.32002.185
MinimumVisualStudioVersion = 10.0.40219.1
Project("{9A19103F-16F7-4668-BE54-9A1E7A4F7556}") = "GlobalDev.Tools", "src\GlobalDev.Tools\GlobalDev.Tools.csproj", "{F19C9D18-D73C-4C8A-8158-92D7493140A9}"
EndProject
Project("{2150E333-8FDC-42A3-9474-1A3956D46DE8}") = "docs", "docs", "{57D50796-3A46-4E1D-AF3C-3EBBD5FD9E47}"
	ProjectSection(SolutionItems) = preProject
		docs\datetime_extensions.md = docs\datetime_extensions.md
		docs\enum_extensions.md = docs\enum_extensions.md
		docs\guid_extensions.md = docs\guid_extensions.md
		docs\list_extensions.md = docs\list_extensions.md
		docs\objects_extensions.md = docs\objects_extensions.md
		docs\pull_request_template.md = docs\pull_request_template.md
		docs\string_extensions.md = docs\string_extensions.md
	EndProjectSection
EndProject
Project("{2150E333-8FDC-42A3-9474-1A3956D46DE8}") = "Solution Items", "Solution Items", "{5655F9BE-8247-4A31-BDF0-F21BE672F966}"
	ProjectSection(SolutionItems) = preProject
		README.md = README.md
	EndProjectSection
EndProject
Global
	GlobalSection(SolutionConfigurationPlatforms) = preSolution
		Debug|Any CPU = Debug|Any CPU
		Release|Any CPU = Release|Any CPU
	EndGlobalSection
	GlobalSection(ProjectConfigurationPlatforms) = postSolution
		{F19C9D18-D73C-4C8A-8158-92D7493140A9}.Debug|Any CPU.ActiveCfg = Debug|Any CPU
		{F19C9D18-D73C-4C8A-8158-92D7493140A9}.Debug|Any CPU.Build.0 = Debug|Any CPU
		{F19C9D18-D73C-4C8A-8158-92D7493140A9}.Release|Any CPU.ActiveCfg = Release|Any CPU
		{F19C9D18-D73C-4C8A-8158-92D7493140A9}.Release|Any CPU.Build.0 = Release|Any CPU
	EndGlobalSection
	GlobalSection(SolutionProperties) = preSolution
		HideSolutionNode = FALSE
	EndGlobalSection
	GlobalSection(ExtensibilityGlobals) = postSolution
		SolutionGuid = {39500965-E69C-4E27-B822-3D1E795618EA}
	EndGlobalSection
EndGlobal
